
Microsoft Visual Studio Solution File, Format Version 12.00
# Visual Studio Version 17
VisualStudioVersion = 17.6.33829.357
MinimumVisualStudioVersion = 10.0.40219.1
Project("{FAE04EC0-301F-11D3-BF4B-00C04F79EFBC}") = "Exercicios1", "Exercicios1\Exercicios1.csproj", "{5F699DC4-69CE-4B00-8EB4-C194F46E9BB9}"
EndProject
Project("{FAE04EC0-301F-11D3-BF4B-00C04F79EFBC}") = "Exercicio2", "Exercicio2\Exercicio2.csproj", "{75469216-3756-49CD-B2D5-72B31FF606EB}"
EndProject
Global
	GlobalSection(SolutionConfigurationPlatforms) = preSolution
		Debug|Any CPU = Debug|Any CPU
		Release|Any CPU = Release|Any CPU
	EndGlobalSection
	GlobalSection(ProjectConfigurationPlatforms) = postSolution
		{5F699DC4-69CE-4B00-8EB4-C194F46E9BB9}.Debug|Any CPU.ActiveCfg = Debug|Any CPU
		{5F699DC4-69CE-4B00-8EB4-C194F46E9BB9}.Debug|Any CPU.Build.0 = Debug|Any CPU
		{5F699DC4-69CE-4B00-8EB4-C194F46E9BB9}.Release|Any CPU.ActiveCfg = Release|Any CPU
		{5F699DC4-69CE-4B00-8EB4-C194F46E9BB9}.Release|Any CPU.Build.0 = Release|Any CPU
		{75469216-3756-49CD-B2D5-72B31FF606EB}.Debug|Any CPU.ActiveCfg = Debug|Any CPU
		{75469216-3756-49CD-B2D5-72B31FF606EB}.Debug|Any CPU.Build.0 = Debug|Any CPU
		{75469216-3756-49CD-B2D5-72B31FF606EB}.Release|Any CPU.ActiveCfg = Release|Any CPU
		{75469216-3756-49CD-B2D5-72B31FF606EB}.Release|Any CPU.Build.0 = Release|Any CPU
	EndGlobalSection
	GlobalSection(SolutionProperties) = preSolution
		HideSolutionNode = FALSE
	EndGlobalSection
	GlobalSection(ExtensibilityGlobals) = postSolution
		SolutionGuid = {46216C0B-3FF4-415D-AA7E-EC17FF96B613}
	EndGlobalSection
EndGlobal
